
Microsoft Visual Studio Solution File, Format Version 12.00
# Visual Studio Version 17
VisualStudioVersion = 17.3.32929.385
MinimumVisualStudioVersion = 10.0.40219.1
Project("{FAE04EC0-301F-11D3-BF4B-00C04F79EFBC}") = "HelloAngularMaterial", "HelloAngularMaterial\HelloAngularMaterial.csproj", "{3060890F-F451-4B86-B225-691D13BFA933}"
EndProject
Global
	GlobalSection(SolutionConfigurationPlatforms) = preSolution
		Debug|Any CPU = Debug|Any CPU
		Release|Any CPU = Release|Any CPU
	EndGlobalSection
	GlobalSection(ProjectConfigurationPlatforms) = postSolution
		{3060890F-F451-4B86-B225-691D13BFA933}.Debug|Any CPU.ActiveCfg = Debug|Any CPU
		{3060890F-F451-4B86-B225-691D13BFA933}.Debug|Any CPU.Build.0 = Debug|Any CPU
		{3060890F-F451-4B86-B225-691D13BFA933}.Release|Any CPU.ActiveCfg = Release|Any CPU
		{3060890F-F451-4B86-B225-691D13BFA933}.Release|Any CPU.Build.0 = Release|Any CPU
	EndGlobalSection
	GlobalSection(SolutionProperties) = preSolution
		HideSolutionNode = FALSE
	EndGlobalSection
	GlobalSection(ExtensibilityGlobals) = postSolution
		SolutionGuid = {DED903E0-D46A-4B15-8EE9-720F513C76DC}
	EndGlobalSection
EndGlobal
